// !$*UTF8*$!
{
	archiveVersion = 1;
	classes = {
	};
	objectVersion = 50;
	objects = {

/* Begin PBXBuildFile section */
		0A24AB442624CABB004208C4 /* NotificationBadgeTextView.swift in Sources */ = {isa = PBXBuildFile; fileRef = 0A24AB432624CABB004208C4 /* NotificationBadgeTextView.swift */; };
		0A315E5B2683C88800E9A1F9 /* FeatureView.swift in Sources */ = {isa = PBXBuildFile; fileRef = 0A315E5A2683C88800E9A1F9 /* FeatureView.swift */; };
		0A446D572683A40600667602 /* WelcomeScreenView.swift in Sources */ = {isa = PBXBuildFile; fileRef = 0A446D562683A40600667602 /* WelcomeScreenView.swift */; };
		0A4A73812602052800927DAB /* NetworkSubview.swift in Sources */ = {isa = PBXBuildFile; fileRef = 0A4A73802602052800927DAB /* NetworkSubview.swift */; };
		0A4A73852602075F00927DAB /* StorageSubview.swift in Sources */ = {isa = PBXBuildFile; fileRef = 0A4A73842602075F00927DAB /* StorageSubview.swift */; };
		0A4A7388260208B500927DAB /* UptimeSubview.swift in Sources */ = {isa = PBXBuildFile; fileRef = 0A4A7387260208B500927DAB /* UptimeSubview.swift */; };
		0A4A738B26020A3800927DAB /* ComputerNameSubview.swift in Sources */ = {isa = PBXBuildFile; fileRef = 0A4A738A26020A3800927DAB /* ComputerNameSubview.swift */; };
		0A4A738E26020A6500927DAB /* MacOSVersionSubview.swift in Sources */ = {isa = PBXBuildFile; fileRef = 0A4A738D26020A6500927DAB /* MacOSVersionSubview.swift */; };
		0AC50A7524FFE6E100AE62D0 /* EventMonitor.swift in Sources */ = {isa = PBXBuildFile; fileRef = 0AC50A7424FFE6E000AE62D0 /* EventMonitor.swift */; };
		0AFB04FB263AC23000507B23 /* ModelSubView.swift in Sources */ = {isa = PBXBuildFile; fileRef = 0AFB04FA263AC23000507B23 /* ModelSubView.swift */; };
		0AFB04FD263B422900507B23 /* ItemDouble.swift in Sources */ = {isa = PBXBuildFile; fileRef = 0AFB04FC263B422900507B23 /* ItemDouble.swift */; };
		0AFE0A8325014C6100957B52 /* Localizable.strings in Resources */ = {isa = PBXBuildFile; fileRef = 0AFE0A8525014C6100957B52 /* Localizable.strings */; };
		490B145E258A55B90048D8AF /* Extensions.swift in Sources */ = {isa = PBXBuildFile; fileRef = 490B145D258A55B90048D8AF /* Extensions.swift */; };
		490CE0A8294FC144005BC01D /* SoftwareUpdateModel.swift in Sources */ = {isa = PBXBuildFile; fileRef = 490CE0A7294FC144005BC01D /* SoftwareUpdateModel.swift */; };
		4915290D259CCF7A00056B5F /* NotificationBadgeView.swift in Sources */ = {isa = PBXBuildFile; fileRef = 4915290C259CCF7A00056B5F /* NotificationBadgeView.swift */; };
		49152910259CD09400056B5F /* InfoItem.swift in Sources */ = {isa = PBXBuildFile; fileRef = 4915290F259CD09400056B5F /* InfoItem.swift */; };
		49152913259CD19900056B5F /* ProgressBarItem.swift in Sources */ = {isa = PBXBuildFile; fileRef = 49152912259CD19900056B5F /* ProgressBarItem.swift */; };
		49152916259CD2C300056B5F /* Item.swift in Sources */ = {isa = PBXBuildFile; fileRef = 49152915259CD2C300056B5F /* Item.swift */; };
		49152919259CD32200056B5F /* ItemSmall.swift in Sources */ = {isa = PBXBuildFile; fileRef = 49152918259CD32200056B5F /* ItemSmall.swift */; };
		4915291C259CD38800056B5F /* EffectsView.swift in Sources */ = {isa = PBXBuildFile; fileRef = 4915291B259CD38800056B5F /* EffectsView.swift */; };
		4934C79A2B99317000268CE2 /* SoftwareUpdateDeclarationModel.swift in Sources */ = {isa = PBXBuildFile; fileRef = 4934C7992B99317000268CE2 /* SoftwareUpdateDeclarationModel.swift */; };
		4934C79B2B99317000268CE2 /* SoftwareUpdateDeclarationModel.swift in Sources */ = {isa = PBXBuildFile; fileRef = 4934C7992B99317000268CE2 /* SoftwareUpdateDeclarationModel.swift */; };
		4939A0C829259B7B00731363 /* LogoView.swift in Sources */ = {isa = PBXBuildFile; fileRef = 4939A0C729259B7B00731363 /* LogoView.swift */; };
		493DCC922B08292900FA2480 /* main.swift in Sources */ = {isa = PBXBuildFile; fileRef = 493DCC912B08292900FA2480 /* main.swift */; };
		493DCC9A2B082BBE00FA2480 /* nl.root3.support.helper in CopyFiles */ = {isa = PBXBuildFile; fileRef = 493DCC8F2B08292900FA2480 /* nl.root3.support.helper */; settings = {ATTRIBUTES = (CodeSignOnCopy, ); }; };
		493DCC9D2B082DAE00FA2480 /* HelperConstants.swift in Sources */ = {isa = PBXBuildFile; fileRef = 493DCC9C2B082DAE00FA2480 /* HelperConstants.swift */; };
		493DCC9F2B082DF600FA2480 /* SupportHelper.swift in Sources */ = {isa = PBXBuildFile; fileRef = 493DCC9E2B082DF600FA2480 /* SupportHelper.swift */; };
		493DCCA12B082E4100FA2480 /* SupportHelperProtocol.swift in Sources */ = {isa = PBXBuildFile; fileRef = 493DCCA02B082E4100FA2480 /* SupportHelperProtocol.swift */; };
		493DCCA32B082E7C00FA2480 /* HelperExecutionService.swift in Sources */ = {isa = PBXBuildFile; fileRef = 493DCCA22B082E7C00FA2480 /* HelperExecutionService.swift */; };
		493DCCA52B082E9A00FA2480 /* PrivilegedHelperError.swift in Sources */ = {isa = PBXBuildFile; fileRef = 493DCCA42B082E9A00FA2480 /* PrivilegedHelperError.swift */; };
		493DCCA72B082EAD00FA2480 /* RemoteApplicationProtocol.swift in Sources */ = {isa = PBXBuildFile; fileRef = 493DCCA62B082EAD00FA2480 /* RemoteApplicationProtocol.swift */; };
		493DCCA92B082EF200FA2480 /* ConnectionIdentityService.swift in Sources */ = {isa = PBXBuildFile; fileRef = 493DCCA82B082EF200FA2480 /* ConnectionIdentityService.swift */; };
		493DCCAB2B082F0F00FA2480 /* OSStatus+Extensions.swift in Sources */ = {isa = PBXBuildFile; fileRef = 493DCCAA2B082F0F00FA2480 /* OSStatus+Extensions.swift */; };
		493DCCAE2B082F4D00FA2480 /* AuditTokenHack.m in Sources */ = {isa = PBXBuildFile; fileRef = 493DCCAD2B082F4D00FA2480 /* AuditTokenHack.m */; };
		493DCCB22B082FCE00FA2480 /* ExecutionService.swift in Sources */ = {isa = PBXBuildFile; fileRef = 493DCCB12B082FCE00FA2480 /* ExecutionService.swift */; };
		493DCCB42B082FE600FA2480 /* HelperRemote.swift in Sources */ = {isa = PBXBuildFile; fileRef = 493DCCB32B082FE600FA2480 /* HelperRemote.swift */; };
		493DCCB52B08300300FA2480 /* HelperConstants.swift in Sources */ = {isa = PBXBuildFile; fileRef = 493DCC9C2B082DAE00FA2480 /* HelperConstants.swift */; };
		493DCCB62B08300F00FA2480 /* PrivilegedHelperError.swift in Sources */ = {isa = PBXBuildFile; fileRef = 493DCCA42B082E9A00FA2480 /* PrivilegedHelperError.swift */; };
		493DCCB72B08303B00FA2480 /* SupportHelperProtocol.swift in Sources */ = {isa = PBXBuildFile; fileRef = 493DCCA02B082E4100FA2480 /* SupportHelperProtocol.swift */; };
		493DCCB82B08304A00FA2480 /* RemoteApplicationProtocol.swift in Sources */ = {isa = PBXBuildFile; fileRef = 493DCCA62B082EAD00FA2480 /* RemoteApplicationProtocol.swift */; };
		493DCCD22B08E5E500FA2480 /* AppCatalogController.swift in Sources */ = {isa = PBXBuildFile; fileRef = 493DCCD12B08E5E500FA2480 /* AppCatalogController.swift */; };
		493FBB8D27406B5D002A79F9 /* ExtensionBSubview.swift in Sources */ = {isa = PBXBuildFile; fileRef = 493FBB8C27406B5D002A79F9 /* ExtensionBSubview.swift */; };
		4947C1512B154A2F00276EFD /* SupportXPC.swift in Sources */ = {isa = PBXBuildFile; fileRef = 4947C1502B154A2F00276EFD /* SupportXPC.swift */; };
		4947C1532B154A2F00276EFD /* SupportXPCProtocol.swift in Sources */ = {isa = PBXBuildFile; fileRef = 4947C1522B154A2F00276EFD /* SupportXPCProtocol.swift */; };
		4947C1552B154A2F00276EFD /* main.swift in Sources */ = {isa = PBXBuildFile; fileRef = 4947C1542B154A2F00276EFD /* main.swift */; };
		4947C15A2B154A2F00276EFD /* SupportXPC.xpc in Embed XPC Services */ = {isa = PBXBuildFile; fileRef = 4947C14E2B154A2F00276EFD /* SupportXPC.xpc */; settings = {ATTRIBUTES = (RemoveHeadersOnCopy, ); }; };
		495924F9265C535B00E083AC /* QuitButton.swift in Sources */ = {isa = PBXBuildFile; fileRef = 495924F8265C535B00E083AC /* QuitButton.swift */; };
		495F74EC28B39A9A00C20304 /* PopoverAlertView.swift in Sources */ = {isa = PBXBuildFile; fileRef = 495F74EB28B39A9A00C20304 /* PopoverAlertView.swift */; };
		4962F3B22C0C8C5F004571DC /* uninstall_privileged_helper_tool.zsh in Resources */ = {isa = PBXBuildFile; fileRef = 4962F3B12C0C8C5F004571DC /* uninstall_privileged_helper_tool.zsh */; };
		496C2FE1271477B800D51EE1 /* NotificationNames.swift in Sources */ = {isa = PBXBuildFile; fileRef = 496C2FE0271477B800D51EE1 /* NotificationNames.swift */; };
		496FE4D12651485E007746ED /* UserInfo.swift in Sources */ = {isa = PBXBuildFile; fileRef = 496FE4D02651485E007746ED /* UserInfo.swift */; };
		496FE4D326514C59007746ED /* PasswordSubview.swift in Sources */ = {isa = PBXBuildFile; fileRef = 496FE4D226514C59007746ED /* PasswordSubview.swift */; };
		4972476828DBB1AB007194F0 /* StatusItemBadgeView.swift in Sources */ = {isa = PBXBuildFile; fileRef = 4972476728DBB1AB007194F0 /* StatusItemBadgeView.swift */; };
		4974BC102B174A5700A3F38A /* ExecutionService.swift in Sources */ = {isa = PBXBuildFile; fileRef = 4974BC0F2B174A5700A3F38A /* ExecutionService.swift */; };
		4974BC112B17645A00A3F38A /* SupportXPCProtocol.swift in Sources */ = {isa = PBXBuildFile; fileRef = 4947C1522B154A2F00276EFD /* SupportXPCProtocol.swift */; };
		4976EB892653151A006EE097 /* ChangePassword.swift in Sources */ = {isa = PBXBuildFile; fileRef = 4976EB882653151A006EE097 /* ChangePassword.swift */; };
		4976EB8B265317C6006EE097 /* AppView.swift in Sources */ = {isa = PBXBuildFile; fileRef = 4976EB8A265317C6006EE097 /* AppView.swift */; };
		49822CE324B4C3F100E8DE54 /* AppDelegate.swift in Sources */ = {isa = PBXBuildFile; fileRef = 49822CE224B4C3F100E8DE54 /* AppDelegate.swift */; };
		49822CE524B4C3F100E8DE54 /* ContentView.swift in Sources */ = {isa = PBXBuildFile; fileRef = 49822CE424B4C3F100E8DE54 /* ContentView.swift */; };
		49822CE724B4C3F200E8DE54 /* Assets.xcassets in Resources */ = {isa = PBXBuildFile; fileRef = 49822CE624B4C3F200E8DE54 /* Assets.xcassets */; };
		49822CEA24B4C3F200E8DE54 /* Preview Assets.xcassets in Resources */ = {isa = PBXBuildFile; fileRef = 49822CE924B4C3F200E8DE54 /* Preview Assets.xcassets */; };
		49822CED24B4C3F200E8DE54 /* Main.storyboard in Resources */ = {isa = PBXBuildFile; fileRef = 49822CEB24B4C3F200E8DE54 /* Main.storyboard */; };
		49857E9824D4B543009B6FBA /* Preferences.swift in Sources */ = {isa = PBXBuildFile; fileRef = 49857E9724D4B543009B6FBA /* Preferences.swift */; };
		49857E9A24D4B58B009B6FBA /* ComputerInfo.swift in Sources */ = {isa = PBXBuildFile; fileRef = 49857E9924D4B58B009B6FBA /* ComputerInfo.swift */; };
		49871A6F287CC98500715C7C /* HeaderView.swift in Sources */ = {isa = PBXBuildFile; fileRef = 49871A6E287CC98500715C7C /* HeaderView.swift */; };
		498B7001272F460100BFA45E /* KerberosSSOExtensionModel.swift in Sources */ = {isa = PBXBuildFile; fileRef = 498B7000272F460100BFA45E /* KerberosSSOExtensionModel.swift */; };
		498D47D62A38ABC10059465C /* UpdateView.swift in Sources */ = {isa = PBXBuildFile; fileRef = 498D47D52A38ABC10059465C /* UpdateView.swift */; };
		499F56732AE0832100CBDE73 /* AppCatalogSubview.swift in Sources */ = {isa = PBXBuildFile; fileRef = 499F56722AE0832100CBDE73 /* AppCatalogSubview.swift */; };
		499F56752AE47A3900CBDE73 /* AppUpdatesView.swift in Sources */ = {isa = PBXBuildFile; fileRef = 499F56742AE47A3900CBDE73 /* AppUpdatesView.swift */; };
		499F56782AE47BE800CBDE73 /* InstalledAppItem.swift in Sources */ = {isa = PBXBuildFile; fileRef = 499F56772AE47BE800CBDE73 /* InstalledAppItem.swift */; };
		49B4952D2642E96A00A6AE64 /* DarkModeBorder.swift in Sources */ = {isa = PBXBuildFile; fileRef = 49B4952C2642E96A00A6AE64 /* DarkModeBorder.swift */; };
		49BF03FC2BC0BE3A00AB7152 /* FileUtilities.swift in Sources */ = {isa = PBXBuildFile; fileRef = 49BF03FB2BC0BE3A00AB7152 /* FileUtilities.swift */; };
		49CB64452BA3BC58009E6026 /* UptimeAlertView.swift in Sources */ = {isa = PBXBuildFile; fileRef = 49CB64442BA3BC58009E6026 /* UptimeAlertView.swift */; };
		49D81F5C2BF2BE8B00232100 /* RemoveEscapingCharacters.swift in Sources */ = {isa = PBXBuildFile; fileRef = 49D81F5B2BF2BE8B00232100 /* RemoveEscapingCharacters.swift */; };
		49D81F5D2BF2BE8B00232100 /* RemoveEscapingCharacters.swift in Sources */ = {isa = PBXBuildFile; fileRef = 49D81F5B2BF2BE8B00232100 /* RemoveEscapingCharacters.swift */; };
		49D81F5E2BF2BE8B00232100 /* RemoveEscapingCharacters.swift in Sources */ = {isa = PBXBuildFile; fileRef = 49D81F5B2BF2BE8B00232100 /* RemoveEscapingCharacters.swift */; };
		49F6744E273F2DBC00C47403 /* ExtensionASubview.swift in Sources */ = {isa = PBXBuildFile; fileRef = 49F6744D273F2DBC00C47403 /* ExtensionASubview.swift */; };
		B03F2E5C28734ABD000478BC /* nl.root3.support.plist in CopyFiles */ = {isa = PBXBuildFile; fileRef = B03F2E53287340BD000478BC /* nl.root3.support.plist */; settings = {ATTRIBUTES = (CodeSignOnCopy, ); }; };
/* End PBXBuildFile section */

/* Begin PBXContainerItemProxy section */
		493DCC972B082B9200FA2480 /* PBXContainerItemProxy */ = {
			isa = PBXContainerItemProxy;
			containerPortal = 49822CD724B4C3F100E8DE54 /* Project object */;
			proxyType = 1;
			remoteGlobalIDString = 493DCC8E2B08292900FA2480;
			remoteInfo = nl.root3.support.helper;
		};
		4947C1582B154A2F00276EFD /* PBXContainerItemProxy */ = {
			isa = PBXContainerItemProxy;
			containerPortal = 49822CD724B4C3F100E8DE54 /* Project object */;
			proxyType = 1;
			remoteGlobalIDString = 4947C14D2B154A2F00276EFD;
			remoteInfo = SupportXPC;
		};
/* End PBXContainerItemProxy section */

/* Begin PBXCopyFilesBuildPhase section */
		493DCC8D2B08292900FA2480 /* CopyFiles */ = {
			isa = PBXCopyFilesBuildPhase;
			buildActionMask = 2147483647;
			dstPath = /usr/share/man/man1/;
			dstSubfolderSpec = 0;
			files = (
			);
			runOnlyForDeploymentPostprocessing = 1;
		};
		493DCC992B082BAB00FA2480 /* CopyFiles */ = {
			isa = PBXCopyFilesBuildPhase;
			buildActionMask = 2147483647;
			dstPath = Contents/Library/LaunchServices;
			dstSubfolderSpec = 1;
			files = (
				493DCC9A2B082BBE00FA2480 /* nl.root3.support.helper in CopyFiles */,
			);
			runOnlyForDeploymentPostprocessing = 0;
		};
		493DCCCD2B08DDDB00FA2480 /* Embed XPC Services */ = {
			isa = PBXCopyFilesBuildPhase;
			buildActionMask = 2147483647;
			dstPath = "$(CONTENTS_FOLDER_PATH)/XPCServices";
			dstSubfolderSpec = 16;
			files = (
				4947C15A2B154A2F00276EFD /* SupportXPC.xpc in Embed XPC Services */,
			);
			name = "Embed XPC Services";
			runOnlyForDeploymentPostprocessing = 0;
		};
		B03F2E59287345A7000478BC /* CopyFiles */ = {
			isa = PBXCopyFilesBuildPhase;
			buildActionMask = 12;
			dstPath = Contents/Library/LaunchAgents;
			dstSubfolderSpec = 1;
			files = (
				B03F2E5C28734ABD000478BC /* nl.root3.support.plist in CopyFiles */,
			);
			runOnlyForDeploymentPostprocessing = 0;
		};
/* End PBXCopyFilesBuildPhase section */

/* Begin PBXFileReference section */
		0A24AB432624CABB004208C4 /* NotificationBadgeTextView.swift */ = {isa = PBXFileReference; lastKnownFileType = sourcecode.swift; path = NotificationBadgeTextView.swift; sourceTree = "<group>"; };
		0A315E5A2683C88800E9A1F9 /* FeatureView.swift */ = {isa = PBXFileReference; lastKnownFileType = sourcecode.swift; path = FeatureView.swift; sourceTree = "<group>"; };
		0A446D562683A40600667602 /* WelcomeScreenView.swift */ = {isa = PBXFileReference; lastKnownFileType = sourcecode.swift; path = WelcomeScreenView.swift; sourceTree = "<group>"; };
		0A4A73802602052800927DAB /* NetworkSubview.swift */ = {isa = PBXFileReference; lastKnownFileType = sourcecode.swift; path = NetworkSubview.swift; sourceTree = "<group>"; };
		0A4A73842602075F00927DAB /* StorageSubview.swift */ = {isa = PBXFileReference; lastKnownFileType = sourcecode.swift; path = StorageSubview.swift; sourceTree = "<group>"; };
		0A4A7387260208B500927DAB /* UptimeSubview.swift */ = {isa = PBXFileReference; lastKnownFileType = sourcecode.swift; path = UptimeSubview.swift; sourceTree = "<group>"; };
		0A4A738A26020A3800927DAB /* ComputerNameSubview.swift */ = {isa = PBXFileReference; lastKnownFileType = sourcecode.swift; path = ComputerNameSubview.swift; sourceTree = "<group>"; };
		0A4A738D26020A6500927DAB /* MacOSVersionSubview.swift */ = {isa = PBXFileReference; lastKnownFileType = sourcecode.swift; path = MacOSVersionSubview.swift; sourceTree = "<group>"; };
		0AC50A7424FFE6E000AE62D0 /* EventMonitor.swift */ = {isa = PBXFileReference; lastKnownFileType = sourcecode.swift; path = EventMonitor.swift; sourceTree = "<group>"; };
		0AFB04FA263AC23000507B23 /* ModelSubView.swift */ = {isa = PBXFileReference; lastKnownFileType = sourcecode.swift; path = ModelSubView.swift; sourceTree = "<group>"; };
		0AFB04FC263B422900507B23 /* ItemDouble.swift */ = {isa = PBXFileReference; lastKnownFileType = sourcecode.swift; path = ItemDouble.swift; sourceTree = "<group>"; };
		0AFE0A8425014C6100957B52 /* en */ = {isa = PBXFileReference; lastKnownFileType = text.plist.strings; name = en; path = en.lproj/Localizable.strings; sourceTree = "<group>"; };
		0AFE0A8625014C8300957B52 /* nl */ = {isa = PBXFileReference; lastKnownFileType = text.plist.strings; name = nl; path = nl.lproj/Localizable.strings; sourceTree = "<group>"; };
		490B145D258A55B90048D8AF /* Extensions.swift */ = {isa = PBXFileReference; lastKnownFileType = sourcecode.swift; path = Extensions.swift; sourceTree = "<group>"; };
		490CE0A7294FC144005BC01D /* SoftwareUpdateModel.swift */ = {isa = PBXFileReference; lastKnownFileType = sourcecode.swift; path = SoftwareUpdateModel.swift; sourceTree = "<group>"; };
		4915290C259CCF7A00056B5F /* NotificationBadgeView.swift */ = {isa = PBXFileReference; lastKnownFileType = sourcecode.swift; path = NotificationBadgeView.swift; sourceTree = "<group>"; };
		4915290F259CD09400056B5F /* InfoItem.swift */ = {isa = PBXFileReference; lastKnownFileType = sourcecode.swift; path = InfoItem.swift; sourceTree = "<group>"; };
		49152912259CD19900056B5F /* ProgressBarItem.swift */ = {isa = PBXFileReference; lastKnownFileType = sourcecode.swift; path = ProgressBarItem.swift; sourceTree = "<group>"; };
		49152915259CD2C300056B5F /* Item.swift */ = {isa = PBXFileReference; lastKnownFileType = sourcecode.swift; path = Item.swift; sourceTree = "<group>"; };
		49152918259CD32200056B5F /* ItemSmall.swift */ = {isa = PBXFileReference; lastKnownFileType = sourcecode.swift; path = ItemSmall.swift; sourceTree = "<group>"; };
		4915291B259CD38800056B5F /* EffectsView.swift */ = {isa = PBXFileReference; lastKnownFileType = sourcecode.swift; path = EffectsView.swift; sourceTree = "<group>"; };
		4934C7992B99317000268CE2 /* SoftwareUpdateDeclarationModel.swift */ = {isa = PBXFileReference; fileEncoding = 4; lastKnownFileType = sourcecode.swift; path = SoftwareUpdateDeclarationModel.swift; sourceTree = "<group>"; };
		4939A0C729259B7B00731363 /* LogoView.swift */ = {isa = PBXFileReference; fileEncoding = 4; lastKnownFileType = sourcecode.swift; path = LogoView.swift; sourceTree = "<group>"; };
		493DCC8F2B08292900FA2480 /* nl.root3.support.helper */ = {isa = PBXFileReference; explicitFileType = "compiled.mach-o.executable"; includeInIndex = 0; path = nl.root3.support.helper; sourceTree = BUILT_PRODUCTS_DIR; };
		493DCC912B08292900FA2480 /* main.swift */ = {isa = PBXFileReference; lastKnownFileType = sourcecode.swift; path = main.swift; sourceTree = "<group>"; };
		493DCC962B0829C700FA2480 /* Info.plist */ = {isa = PBXFileReference; lastKnownFileType = text.plist.xml; path = Info.plist; sourceTree = "<group>"; };
		493DCC9B2B082D3500FA2480 /* launchd.plist */ = {isa = PBXFileReference; lastKnownFileType = text.plist.xml; path = launchd.plist; sourceTree = "<group>"; };
		493DCC9C2B082DAE00FA2480 /* HelperConstants.swift */ = {isa = PBXFileReference; lastKnownFileType = sourcecode.swift; path = HelperConstants.swift; sourceTree = "<group>"; };
		493DCC9E2B082DF600FA2480 /* SupportHelper.swift */ = {isa = PBXFileReference; lastKnownFileType = sourcecode.swift; path = SupportHelper.swift; sourceTree = "<group>"; };
		493DCCA02B082E4100FA2480 /* SupportHelperProtocol.swift */ = {isa = PBXFileReference; lastKnownFileType = sourcecode.swift; path = SupportHelperProtocol.swift; sourceTree = "<group>"; };
		493DCCA22B082E7C00FA2480 /* HelperExecutionService.swift */ = {isa = PBXFileReference; lastKnownFileType = sourcecode.swift; path = HelperExecutionService.swift; sourceTree = "<group>"; };
		493DCCA42B082E9A00FA2480 /* PrivilegedHelperError.swift */ = {isa = PBXFileReference; lastKnownFileType = sourcecode.swift; path = PrivilegedHelperError.swift; sourceTree = "<group>"; };
		493DCCA62B082EAD00FA2480 /* RemoteApplicationProtocol.swift */ = {isa = PBXFileReference; lastKnownFileType = sourcecode.swift; path = RemoteApplicationProtocol.swift; sourceTree = "<group>"; };
		493DCCA82B082EF200FA2480 /* ConnectionIdentityService.swift */ = {isa = PBXFileReference; lastKnownFileType = sourcecode.swift; path = ConnectionIdentityService.swift; sourceTree = "<group>"; };
		493DCCAA2B082F0F00FA2480 /* OSStatus+Extensions.swift */ = {isa = PBXFileReference; lastKnownFileType = sourcecode.swift; path = "OSStatus+Extensions.swift"; sourceTree = "<group>"; };
		493DCCAC2B082F4D00FA2480 /* nl.root3.support.helper-Bridging-Header.h */ = {isa = PBXFileReference; lastKnownFileType = sourcecode.c.h; path = "nl.root3.support.helper-Bridging-Header.h"; sourceTree = "<group>"; };
		493DCCAD2B082F4D00FA2480 /* AuditTokenHack.m */ = {isa = PBXFileReference; lastKnownFileType = sourcecode.c.objc; path = AuditTokenHack.m; sourceTree = "<group>"; };
		493DCCAF2B082F6200FA2480 /* AuditTokenHack.h */ = {isa = PBXFileReference; lastKnownFileType = sourcecode.c.h; path = AuditTokenHack.h; sourceTree = "<group>"; };
		493DCCB12B082FCE00FA2480 /* ExecutionService.swift */ = {isa = PBXFileReference; lastKnownFileType = sourcecode.swift; path = ExecutionService.swift; sourceTree = "<group>"; };
		493DCCB32B082FE600FA2480 /* HelperRemote.swift */ = {isa = PBXFileReference; lastKnownFileType = sourcecode.swift; path = HelperRemote.swift; sourceTree = "<group>"; };
		493DCCD12B08E5E500FA2480 /* AppCatalogController.swift */ = {isa = PBXFileReference; lastKnownFileType = sourcecode.swift; path = AppCatalogController.swift; sourceTree = "<group>"; };
		493FBB8C27406B5D002A79F9 /* ExtensionBSubview.swift */ = {isa = PBXFileReference; lastKnownFileType = sourcecode.swift; path = ExtensionBSubview.swift; sourceTree = "<group>"; };
		4947C14E2B154A2F00276EFD /* SupportXPC.xpc */ = {isa = PBXFileReference; explicitFileType = "wrapper.xpc-service"; includeInIndex = 0; path = SupportXPC.xpc; sourceTree = BUILT_PRODUCTS_DIR; };
		4947C1502B154A2F00276EFD /* SupportXPC.swift */ = {isa = PBXFileReference; lastKnownFileType = sourcecode.swift; path = SupportXPC.swift; sourceTree = "<group>"; };
		4947C1522B154A2F00276EFD /* SupportXPCProtocol.swift */ = {isa = PBXFileReference; lastKnownFileType = sourcecode.swift; path = SupportXPCProtocol.swift; sourceTree = "<group>"; };
		4947C1542B154A2F00276EFD /* main.swift */ = {isa = PBXFileReference; lastKnownFileType = sourcecode.swift; path = main.swift; sourceTree = "<group>"; };
		4947C1562B154A2F00276EFD /* Info.plist */ = {isa = PBXFileReference; lastKnownFileType = text.plist.xml; path = Info.plist; sourceTree = "<group>"; };
		4947C1572B154A2F00276EFD /* SupportXPC.entitlements */ = {isa = PBXFileReference; lastKnownFileType = text.plist.entitlements; path = SupportXPC.entitlements; sourceTree = "<group>"; };
		495924F8265C535B00E083AC /* QuitButton.swift */ = {isa = PBXFileReference; lastKnownFileType = sourcecode.swift; path = QuitButton.swift; sourceTree = "<group>"; };
		495B6E6E2A2E3E4E006B575D /* es */ = {isa = PBXFileReference; lastKnownFileType = text.plist.strings; name = es; path = es.lproj/Localizable.strings; sourceTree = "<group>"; };
		495F74EB28B39A9A00C20304 /* PopoverAlertView.swift */ = {isa = PBXFileReference; lastKnownFileType = sourcecode.swift; name = PopoverAlertView.swift; path = Support/Views/PopoverAlertView.swift; sourceTree = SOURCE_ROOT; };
		4962F3B12C0C8C5F004571DC /* uninstall_privileged_helper_tool.zsh */ = {isa = PBXFileReference; fileEncoding = 4; lastKnownFileType = text.script.sh; path = uninstall_privileged_helper_tool.zsh; sourceTree = "<group>"; };
		496C2FE0271477B800D51EE1 /* NotificationNames.swift */ = {isa = PBXFileReference; lastKnownFileType = sourcecode.swift; path = NotificationNames.swift; sourceTree = "<group>"; };
		496FE4D02651485E007746ED /* UserInfo.swift */ = {isa = PBXFileReference; lastKnownFileType = sourcecode.swift; path = UserInfo.swift; sourceTree = "<group>"; };
		496FE4D226514C59007746ED /* PasswordSubview.swift */ = {isa = PBXFileReference; lastKnownFileType = sourcecode.swift; path = PasswordSubview.swift; sourceTree = "<group>"; };
		4972476728DBB1AB007194F0 /* StatusItemBadgeView.swift */ = {isa = PBXFileReference; lastKnownFileType = sourcecode.swift; path = StatusItemBadgeView.swift; sourceTree = "<group>"; };
		4974BC0F2B174A5700A3F38A /* ExecutionService.swift */ = {isa = PBXFileReference; lastKnownFileType = sourcecode.swift; path = ExecutionService.swift; sourceTree = "<group>"; };
		4976EB882653151A006EE097 /* ChangePassword.swift */ = {isa = PBXFileReference; lastKnownFileType = sourcecode.swift; path = ChangePassword.swift; sourceTree = "<group>"; };
		4976EB8A265317C6006EE097 /* AppView.swift */ = {isa = PBXFileReference; lastKnownFileType = sourcecode.swift; path = AppView.swift; sourceTree = "<group>"; };
		49822CDF24B4C3F100E8DE54 /* Support.app */ = {isa = PBXFileReference; explicitFileType = wrapper.application; includeInIndex = 0; path = Support.app; sourceTree = BUILT_PRODUCTS_DIR; };
		49822CE224B4C3F100E8DE54 /* AppDelegate.swift */ = {isa = PBXFileReference; lastKnownFileType = sourcecode.swift; path = AppDelegate.swift; sourceTree = "<group>"; };
		49822CE424B4C3F100E8DE54 /* ContentView.swift */ = {isa = PBXFileReference; lastKnownFileType = sourcecode.swift; path = ContentView.swift; sourceTree = "<group>"; };
		49822CE624B4C3F200E8DE54 /* Assets.xcassets */ = {isa = PBXFileReference; lastKnownFileType = folder.assetcatalog; path = Assets.xcassets; sourceTree = "<group>"; };
		49822CE924B4C3F200E8DE54 /* Preview Assets.xcassets */ = {isa = PBXFileReference; lastKnownFileType = folder.assetcatalog; path = "Preview Assets.xcassets"; sourceTree = "<group>"; };
		49822CEC24B4C3F200E8DE54 /* Base */ = {isa = PBXFileReference; lastKnownFileType = file.storyboard; name = Base; path = Base.lproj/Main.storyboard; sourceTree = "<group>"; };
		49822CEE24B4C3F200E8DE54 /* Info.plist */ = {isa = PBXFileReference; lastKnownFileType = text.plist.xml; path = Info.plist; sourceTree = "<group>"; };
		49822CEF24B4C3F200E8DE54 /* Support.entitlements */ = {isa = PBXFileReference; lastKnownFileType = text.plist.entitlements; path = Support.entitlements; sourceTree = "<group>"; };
		49857E9724D4B543009B6FBA /* Preferences.swift */ = {isa = PBXFileReference; lastKnownFileType = sourcecode.swift; path = Preferences.swift; sourceTree = "<group>"; };
		49857E9924D4B58B009B6FBA /* ComputerInfo.swift */ = {isa = PBXFileReference; lastKnownFileType = sourcecode.swift; path = ComputerInfo.swift; sourceTree = "<group>"; };
		49871A6E287CC98500715C7C /* HeaderView.swift */ = {isa = PBXFileReference; lastKnownFileType = sourcecode.swift; path = HeaderView.swift; sourceTree = "<group>"; };
		498B7000272F460100BFA45E /* KerberosSSOExtensionModel.swift */ = {isa = PBXFileReference; lastKnownFileType = sourcecode.swift; path = KerberosSSOExtensionModel.swift; sourceTree = "<group>"; };
		498D47D52A38ABC10059465C /* UpdateView.swift */ = {isa = PBXFileReference; lastKnownFileType = sourcecode.swift; path = UpdateView.swift; sourceTree = "<group>"; };
		499F56722AE0832100CBDE73 /* AppCatalogSubview.swift */ = {isa = PBXFileReference; lastKnownFileType = sourcecode.swift; path = AppCatalogSubview.swift; sourceTree = "<group>"; };
		499F56742AE47A3900CBDE73 /* AppUpdatesView.swift */ = {isa = PBXFileReference; lastKnownFileType = sourcecode.swift; path = AppUpdatesView.swift; sourceTree = "<group>"; };
		499F56772AE47BE800CBDE73 /* InstalledAppItem.swift */ = {isa = PBXFileReference; lastKnownFileType = sourcecode.swift; path = InstalledAppItem.swift; sourceTree = "<group>"; };
		49B163AC26FCB154006D57C7 /* fr */ = {isa = PBXFileReference; lastKnownFileType = text.plist.strings; name = fr; path = fr.lproj/Localizable.strings; sourceTree = "<group>"; };
		49B4952C2642E96A00A6AE64 /* DarkModeBorder.swift */ = {isa = PBXFileReference; lastKnownFileType = sourcecode.swift; path = DarkModeBorder.swift; sourceTree = "<group>"; };
		49BF03FB2BC0BE3A00AB7152 /* FileUtilities.swift */ = {isa = PBXFileReference; lastKnownFileType = sourcecode.swift; path = FileUtilities.swift; sourceTree = "<group>"; };
		49CB64442BA3BC58009E6026 /* UptimeAlertView.swift */ = {isa = PBXFileReference; lastKnownFileType = sourcecode.swift; path = UptimeAlertView.swift; sourceTree = "<group>"; };
		49D81F5B2BF2BE8B00232100 /* RemoveEscapingCharacters.swift */ = {isa = PBXFileReference; lastKnownFileType = sourcecode.swift; path = RemoveEscapingCharacters.swift; sourceTree = "<group>"; };
		49F6744D273F2DBC00C47403 /* ExtensionASubview.swift */ = {isa = PBXFileReference; lastKnownFileType = sourcecode.swift; path = ExtensionASubview.swift; sourceTree = "<group>"; };
		A0532BCB2733F35A005CACF2 /* de */ = {isa = PBXFileReference; lastKnownFileType = text.plist.strings; name = de; path = de.lproj/Localizable.strings; sourceTree = "<group>"; };
		B03F2E53287340BD000478BC /* nl.root3.support.plist */ = {isa = PBXFileReference; lastKnownFileType = text.plist.xml; path = nl.root3.support.plist; sourceTree = "<group>"; };
/* End PBXFileReference section */

/* Begin PBXFrameworksBuildPhase section */
		493DCC8C2B08292900FA2480 /* Frameworks */ = {
			isa = PBXFrameworksBuildPhase;
			buildActionMask = 2147483647;
			files = (
			);
			runOnlyForDeploymentPostprocessing = 0;
		};
		4947C14B2B154A2F00276EFD /* Frameworks */ = {
			isa = PBXFrameworksBuildPhase;
			buildActionMask = 2147483647;
			files = (
			);
			runOnlyForDeploymentPostprocessing = 0;
		};
		49822CDC24B4C3F100E8DE54 /* Frameworks */ = {
			isa = PBXFrameworksBuildPhase;
			buildActionMask = 2147483647;
			files = (
			);
			runOnlyForDeploymentPostprocessing = 0;
		};
/* End PBXFrameworksBuildPhase section */

/* Begin PBXGroup section */
		0A446D5326837D7F00667602 /* WelcomeScreen */ = {
			isa = PBXGroup;
			children = (
				0A446D562683A40600667602 /* WelcomeScreenView.swift */,
				0A315E5A2683C88800E9A1F9 /* FeatureView.swift */,
			);
			path = WelcomeScreen;
			sourceTree = "<group>";
		};
		0A4A737F260204B000927DAB /* ButtonViews */ = {
			isa = PBXGroup;
			children = (
				0A4A73802602052800927DAB /* NetworkSubview.swift */,
				49F6744D273F2DBC00C47403 /* ExtensionASubview.swift */,
				493FBB8C27406B5D002A79F9 /* ExtensionBSubview.swift */,
				0A4A73842602075F00927DAB /* StorageSubview.swift */,
				0A4A7387260208B500927DAB /* UptimeSubview.swift */,
				0A4A738A26020A3800927DAB /* ComputerNameSubview.swift */,
				0A4A738D26020A6500927DAB /* MacOSVersionSubview.swift */,
				0AFB04FA263AC23000507B23 /* ModelSubView.swift */,
				496FE4D226514C59007746ED /* PasswordSubview.swift */,
				499F56722AE0832100CBDE73 /* AppCatalogSubview.swift */,
			);
			path = ButtonViews;
			sourceTree = "<group>";
		};
		4915290A259CCF2500056B5F /* Views */ = {
			isa = PBXGroup;
			children = (
				0A4A737F260204B000927DAB /* ButtonViews */,
				49F779CD27173067009BF0B9 /* ButtonTemplateViews */,
				0A446D5326837D7F00667602 /* WelcomeScreen */,
				4976EB8C26531CCC006EE097 /* Experimental */,
				49B4952E264343FC00A6AE64 /* ViewModifiers */,
				499F56762AE47BCE00CBDE73 /* AppCatalog */,
				49CB64442BA3BC58009E6026 /* UptimeAlertView.swift */,
				498D47D52A38ABC10059465C /* UpdateView.swift */,
				4976EB8A265317C6006EE097 /* AppView.swift */,
				49822CE424B4C3F100E8DE54 /* ContentView.swift */,
				4915291B259CD38800056B5F /* EffectsView.swift */,
				4915290C259CCF7A00056B5F /* NotificationBadgeView.swift */,
				0A24AB432624CABB004208C4 /* NotificationBadgeTextView.swift */,
				495924F8265C535B00E083AC /* QuitButton.swift */,
				49871A6E287CC98500715C7C /* HeaderView.swift */,
				495F74EB28B39A9A00C20304 /* PopoverAlertView.swift */,
				4972476728DBB1AB007194F0 /* StatusItemBadgeView.swift */,
				4939A0C729259B7B00731363 /* LogoView.swift */,
			);
			path = Views;
			sourceTree = "<group>";
		};
		493DCC902B08292900FA2480 /* SupportHelper */ = {
			isa = PBXGroup;
			children = (
				493DCC912B08292900FA2480 /* main.swift */,
				493DCC9E2B082DF600FA2480 /* SupportHelper.swift */,
				493DCCA82B082EF200FA2480 /* ConnectionIdentityService.swift */,
				493DCCAA2B082F0F00FA2480 /* OSStatus+Extensions.swift */,
				493DCCAD2B082F4D00FA2480 /* AuditTokenHack.m */,
				493DCCAF2B082F6200FA2480 /* AuditTokenHack.h */,
				493DCCA02B082E4100FA2480 /* SupportHelperProtocol.swift */,
				493DCCA22B082E7C00FA2480 /* HelperExecutionService.swift */,
				493DCCA42B082E9A00FA2480 /* PrivilegedHelperError.swift */,
				493DCCA62B082EAD00FA2480 /* RemoteApplicationProtocol.swift */,
				493DCC9C2B082DAE00FA2480 /* HelperConstants.swift */,
				493DCC962B0829C700FA2480 /* Info.plist */,
				493DCC9B2B082D3500FA2480 /* launchd.plist */,
				493DCCAC2B082F4D00FA2480 /* nl.root3.support.helper-Bridging-Header.h */,
			);
			path = SupportHelper;
			sourceTree = "<group>";
		};
		493DCCB02B082FBE00FA2480 /* PrivilegedHelper */ = {
			isa = PBXGroup;
			children = (
				493DCCB12B082FCE00FA2480 /* ExecutionService.swift */,
				493DCCB32B082FE600FA2480 /* HelperRemote.swift */,
			);
			path = PrivilegedHelper;
			sourceTree = "<group>";
		};
		493DCCD02B08E5DA00FA2480 /* Controllers */ = {
			isa = PBXGroup;
			children = (
				493DCCD12B08E5E500FA2480 /* AppCatalogController.swift */,
			);
			path = Controllers;
			sourceTree = "<group>";
		};
		4947C14F2B154A2F00276EFD /* SupportXPC */ = {
			isa = PBXGroup;
			children = (
				4974BC0F2B174A5700A3F38A /* ExecutionService.swift */,
				4947C1502B154A2F00276EFD /* SupportXPC.swift */,
				4947C1522B154A2F00276EFD /* SupportXPCProtocol.swift */,
				4947C1542B154A2F00276EFD /* main.swift */,
				4947C1562B154A2F00276EFD /* Info.plist */,
				4947C1572B154A2F00276EFD /* SupportXPC.entitlements */,
			);
			path = SupportXPC;
			sourceTree = "<group>";
		};
		4962F3B02C0C8C55004571DC /* Scripts */ = {
			isa = PBXGroup;
			children = (
				4962F3B12C0C8C5F004571DC /* uninstall_privileged_helper_tool.zsh */,
			);
			path = Scripts;
			sourceTree = "<group>";
		};
		4976EB8C26531CCC006EE097 /* Experimental */ = {
			isa = PBXGroup;
			children = (
				4976EB882653151A006EE097 /* ChangePassword.swift */,
			);
			path = Experimental;
			sourceTree = "<group>";
		};
		49822CD624B4C3F100E8DE54 = {
			isa = PBXGroup;
			children = (
				49822CE124B4C3F100E8DE54 /* Support */,
				493DCC902B08292900FA2480 /* SupportHelper */,
				4947C14F2B154A2F00276EFD /* SupportXPC */,
				49822CE024B4C3F100E8DE54 /* Products */,
			);
			sourceTree = "<group>";
		};
		49822CE024B4C3F100E8DE54 /* Products */ = {
			isa = PBXGroup;
			children = (
				49822CDF24B4C3F100E8DE54 /* Support.app */,
				493DCC8F2B08292900FA2480 /* nl.root3.support.helper */,
				4947C14E2B154A2F00276EFD /* SupportXPC.xpc */,
			);
			name = Products;
			sourceTree = "<group>";
		};
		49822CE124B4C3F100E8DE54 /* Support */ = {
			isa = PBXGroup;
			children = (
				4962F3B02C0C8C55004571DC /* Scripts */,
				B03F2E53287340BD000478BC /* nl.root3.support.plist */,
				493DCCD02B08E5DA00FA2480 /* Controllers */,
				498B6FFF272F45EF00BFA45E /* Models */,
				4915290A259CCF2500056B5F /* Views */,
				493DCCB02B082FBE00FA2480 /* PrivilegedHelper */,
				0AFE0A8525014C6100957B52 /* Localizable.strings */,
				49822CE224B4C3F100E8DE54 /* AppDelegate.swift */,
				49BF03FB2BC0BE3A00AB7152 /* FileUtilities.swift */,
				49857E9924D4B58B009B6FBA /* ComputerInfo.swift */,
				0AC50A7424FFE6E000AE62D0 /* EventMonitor.swift */,
				49D81F5A2BF2BE7300232100 /* Extensions */,
				496C2FE0271477B800D51EE1 /* NotificationNames.swift */,
				49857E9724D4B543009B6FBA /* Preferences.swift */,
				496FE4D02651485E007746ED /* UserInfo.swift */,
				49822CE624B4C3F200E8DE54 /* Assets.xcassets */,
				49822CEB24B4C3F200E8DE54 /* Main.storyboard */,
				49822CEE24B4C3F200E8DE54 /* Info.plist */,
				49822CEF24B4C3F200E8DE54 /* Support.entitlements */,
				49822CE824B4C3F200E8DE54 /* Preview Content */,
			);
			path = Support;
			sourceTree = "<group>";
		};
		49822CE824B4C3F200E8DE54 /* Preview Content */ = {
			isa = PBXGroup;
			children = (
				49822CE924B4C3F200E8DE54 /* Preview Assets.xcassets */,
			);
			path = "Preview Content";
			sourceTree = "<group>";
		};
		498B6FFF272F45EF00BFA45E /* Models */ = {
			isa = PBXGroup;
			children = (
				498B7000272F460100BFA45E /* KerberosSSOExtensionModel.swift */,
				490CE0A7294FC144005BC01D /* SoftwareUpdateModel.swift */,
				4934C7992B99317000268CE2 /* SoftwareUpdateDeclarationModel.swift */,
			);
			path = Models;
			sourceTree = "<group>";
		};
		499F56762AE47BCE00CBDE73 /* AppCatalog */ = {
			isa = PBXGroup;
			children = (
				499F56742AE47A3900CBDE73 /* AppUpdatesView.swift */,
				499F56772AE47BE800CBDE73 /* InstalledAppItem.swift */,
			);
			path = AppCatalog;
			sourceTree = "<group>";
		};
		49B4952E264343FC00A6AE64 /* ViewModifiers */ = {
			isa = PBXGroup;
			children = (
				49B4952C2642E96A00A6AE64 /* DarkModeBorder.swift */,
			);
			path = ViewModifiers;
			sourceTree = "<group>";
		};
		49D81F5A2BF2BE7300232100 /* Extensions */ = {
			isa = PBXGroup;
			children = (
				490B145D258A55B90048D8AF /* Extensions.swift */,
				49D81F5B2BF2BE8B00232100 /* RemoveEscapingCharacters.swift */,
			);
			path = Extensions;
			sourceTree = "<group>";
		};
		49F779CD27173067009BF0B9 /* ButtonTemplateViews */ = {
			isa = PBXGroup;
			children = (
				49152918259CD32200056B5F /* ItemSmall.swift */,
				49152915259CD2C300056B5F /* Item.swift */,
				0AFB04FC263B422900507B23 /* ItemDouble.swift */,
				49152912259CD19900056B5F /* ProgressBarItem.swift */,
				4915290F259CD09400056B5F /* InfoItem.swift */,
			);
			path = ButtonTemplateViews;
			sourceTree = "<group>";
		};
/* End PBXGroup section */

/* Begin PBXNativeTarget section */
		493DCC8E2B08292900FA2480 /* nl.root3.support.helper */ = {
			isa = PBXNativeTarget;
			buildConfigurationList = 493DCC952B08292900FA2480 /* Build configuration list for PBXNativeTarget "nl.root3.support.helper" */;
			buildPhases = (
				493DCC8B2B08292900FA2480 /* Sources */,
				493DCC8C2B08292900FA2480 /* Frameworks */,
				493DCC8D2B08292900FA2480 /* CopyFiles */,
			);
			buildRules = (
			);
			dependencies = (
			);
			name = nl.root3.support.helper;
			productName = nl.root3.support.helper;
			productReference = 493DCC8F2B08292900FA2480 /* nl.root3.support.helper */;
			productType = "com.apple.product-type.tool";
		};
		4947C14D2B154A2F00276EFD /* SupportXPC */ = {
			isa = PBXNativeTarget;
			buildConfigurationList = 4947C15D2B154A2F00276EFD /* Build configuration list for PBXNativeTarget "SupportXPC" */;
			buildPhases = (
				4947C14A2B154A2F00276EFD /* Sources */,
				4947C14B2B154A2F00276EFD /* Frameworks */,
				4947C14C2B154A2F00276EFD /* Resources */,
			);
			buildRules = (
			);
			dependencies = (
			);
			name = SupportXPC;
			productName = SupportXPC;
			productReference = 4947C14E2B154A2F00276EFD /* SupportXPC.xpc */;
			productType = "com.apple.product-type.xpc-service";
		};
		49822CDE24B4C3F100E8DE54 /* Support */ = {
			isa = PBXNativeTarget;
			buildConfigurationList = 49822CF224B4C3F200E8DE54 /* Build configuration list for PBXNativeTarget "Support" */;
			buildPhases = (
				49822CDB24B4C3F100E8DE54 /* Sources */,
				49822CDC24B4C3F100E8DE54 /* Frameworks */,
				49822CDD24B4C3F100E8DE54 /* Resources */,
				B03F2E59287345A7000478BC /* CopyFiles */,
				493DCC992B082BAB00FA2480 /* CopyFiles */,
				493DCCCD2B08DDDB00FA2480 /* Embed XPC Services */,
			);
			buildRules = (
			);
			dependencies = (
				493DCC982B082B9200FA2480 /* PBXTargetDependency */,
				4947C1592B154A2F00276EFD /* PBXTargetDependency */,
			);
			name = Support;
			packageProductDependencies = (
			);
			productName = "Root3 Support";
			productReference = 49822CDF24B4C3F100E8DE54 /* Support.app */;
			productType = "com.apple.product-type.application";
		};
/* End PBXNativeTarget section */

/* Begin PBXProject section */
		49822CD724B4C3F100E8DE54 /* Project object */ = {
			isa = PBXProject;
			attributes = {
				LastSwiftUpdateCheck = 1500;
				LastUpgradeCheck = 1200;
				TargetAttributes = {
					493DCC8E2B08292900FA2480 = {
						CreatedOnToolsVersion = 15.0;
						LastSwiftMigration = 1500;
					};
					4947C14D2B154A2F00276EFD = {
						CreatedOnToolsVersion = 15.0;
					};
					49822CDE24B4C3F100E8DE54 = {
						CreatedOnToolsVersion = 12.0;
					};
				};
			};
			buildConfigurationList = 49822CDA24B4C3F100E8DE54 /* Build configuration list for PBXProject "Support" */;
			compatibilityVersion = "Xcode 9.3";
			developmentRegion = en;
			hasScannedForEncodings = 0;
			knownRegions = (
				en,
				Base,
				nl,
				fr,
				de,
				es,
			);
			mainGroup = 49822CD624B4C3F100E8DE54;
			packageReferences = (
			);
			productRefGroup = 49822CE024B4C3F100E8DE54 /* Products */;
			projectDirPath = "";
			projectRoot = "";
			targets = (
				49822CDE24B4C3F100E8DE54 /* Support */,
				493DCC8E2B08292900FA2480 /* nl.root3.support.helper */,
				4947C14D2B154A2F00276EFD /* SupportXPC */,
			);
		};
/* End PBXProject section */

/* Begin PBXResourcesBuildPhase section */
		4947C14C2B154A2F00276EFD /* Resources */ = {
			isa = PBXResourcesBuildPhase;
			buildActionMask = 2147483647;
			files = (
			);
			runOnlyForDeploymentPostprocessing = 0;
		};
		49822CDD24B4C3F100E8DE54 /* Resources */ = {
			isa = PBXResourcesBuildPhase;
			buildActionMask = 2147483647;
			files = (
				49822CED24B4C3F200E8DE54 /* Main.storyboard in Resources */,
				4962F3B22C0C8C5F004571DC /* uninstall_privileged_helper_tool.zsh in Resources */,
				0AFE0A8325014C6100957B52 /* Localizable.strings in Resources */,
				49822CEA24B4C3F200E8DE54 /* Preview Assets.xcassets in Resources */,
				49822CE724B4C3F200E8DE54 /* Assets.xcassets in Resources */,
			);
			runOnlyForDeploymentPostprocessing = 0;
		};
/* End PBXResourcesBuildPhase section */

/* Begin PBXSourcesBuildPhase section */
		493DCC8B2B08292900FA2480 /* Sources */ = {
			isa = PBXSourcesBuildPhase;
			buildActionMask = 2147483647;
			files = (
				493DCC922B08292900FA2480 /* main.swift in Sources */,
				493DCCA52B082E9A00FA2480 /* PrivilegedHelperError.swift in Sources */,
				493DCCAE2B082F4D00FA2480 /* AuditTokenHack.m in Sources */,
				493DCCAB2B082F0F00FA2480 /* OSStatus+Extensions.swift in Sources */,
				493DCCA72B082EAD00FA2480 /* RemoteApplicationProtocol.swift in Sources */,
				493DCCA32B082E7C00FA2480 /* HelperExecutionService.swift in Sources */,
				493DCCA12B082E4100FA2480 /* SupportHelperProtocol.swift in Sources */,
				49D81F5D2BF2BE8B00232100 /* RemoveEscapingCharacters.swift in Sources */,
				493DCCA92B082EF200FA2480 /* ConnectionIdentityService.swift in Sources */,
				493DCC9D2B082DAE00FA2480 /* HelperConstants.swift in Sources */,
				493DCC9F2B082DF600FA2480 /* SupportHelper.swift in Sources */,
			);
			runOnlyForDeploymentPostprocessing = 0;
		};
		4947C14A2B154A2F00276EFD /* Sources */ = {
			isa = PBXSourcesBuildPhase;
			buildActionMask = 2147483647;
			files = (
				4947C1512B154A2F00276EFD /* SupportXPC.swift in Sources */,
				4947C1532B154A2F00276EFD /* SupportXPCProtocol.swift in Sources */,
				4934C79B2B99317000268CE2 /* SoftwareUpdateDeclarationModel.swift in Sources */,
				4974BC102B174A5700A3F38A /* ExecutionService.swift in Sources */,
				4947C1552B154A2F00276EFD /* main.swift in Sources */,
				49D81F5E2BF2BE8B00232100 /* RemoveEscapingCharacters.swift in Sources */,
			);
			runOnlyForDeploymentPostprocessing = 0;
		};
		49822CDB24B4C3F100E8DE54 /* Sources */ = {
			isa = PBXSourcesBuildPhase;
			buildActionMask = 2147483647;
			files = (
				49152916259CD2C300056B5F /* Item.swift in Sources */,
				493DCCB72B08303B00FA2480 /* SupportHelperProtocol.swift in Sources */,
				493DCCB42B082FE600FA2480 /* HelperRemote.swift in Sources */,
				499F56752AE47A3900CBDE73 /* AppUpdatesView.swift in Sources */,
				493DCCB22B082FCE00FA2480 /* ExecutionService.swift in Sources */,
				0AFB04FD263B422900507B23 /* ItemDouble.swift in Sources */,
				4974BC112B17645A00A3F38A /* SupportXPCProtocol.swift in Sources */,
				0A4A73812602052800927DAB /* NetworkSubview.swift in Sources */,
				498D47D62A38ABC10059465C /* UpdateView.swift in Sources */,
				0A315E5B2683C88800E9A1F9 /* FeatureView.swift in Sources */,
				498B7001272F460100BFA45E /* KerberosSSOExtensionModel.swift in Sources */,
				4976EB8B265317C6006EE097 /* AppView.swift in Sources */,
				49F6744E273F2DBC00C47403 /* ExtensionASubview.swift in Sources */,
				49CB64452BA3BC58009E6026 /* UptimeAlertView.swift in Sources */,
				499F56732AE0832100CBDE73 /* AppCatalogSubview.swift in Sources */,
				499F56782AE47BE800CBDE73 /* InstalledAppItem.swift in Sources */,
				49871A6F287CC98500715C7C /* HeaderView.swift in Sources */,
				4972476828DBB1AB007194F0 /* StatusItemBadgeView.swift in Sources */,
				496FE4D12651485E007746ED /* UserInfo.swift in Sources */,
				4915290D259CCF7A00056B5F /* NotificationBadgeView.swift in Sources */,
				49857E9A24D4B58B009B6FBA /* ComputerInfo.swift in Sources */,
				496C2FE1271477B800D51EE1 /* NotificationNames.swift in Sources */,
				0A4A738E26020A6500927DAB /* MacOSVersionSubview.swift in Sources */,
				493DCCD22B08E5E500FA2480 /* AppCatalogController.swift in Sources */,
				490B145E258A55B90048D8AF /* Extensions.swift in Sources */,
				0AFB04FB263AC23000507B23 /* ModelSubView.swift in Sources */,
				4939A0C829259B7B00731363 /* LogoView.swift in Sources */,
				0AC50A7524FFE6E100AE62D0 /* EventMonitor.swift in Sources */,
				49B4952D2642E96A00A6AE64 /* DarkModeBorder.swift in Sources */,
				493DCCB52B08300300FA2480 /* HelperConstants.swift in Sources */,
				49152919259CD32200056B5F /* ItemSmall.swift in Sources */,
				49D81F5C2BF2BE8B00232100 /* RemoveEscapingCharacters.swift in Sources */,
				493FBB8D27406B5D002A79F9 /* ExtensionBSubview.swift in Sources */,
				496FE4D326514C59007746ED /* PasswordSubview.swift in Sources */,
				49152910259CD09400056B5F /* InfoItem.swift in Sources */,
				49822CE524B4C3F100E8DE54 /* ContentView.swift in Sources */,
				0A4A738B26020A3800927DAB /* ComputerNameSubview.swift in Sources */,
				4976EB892653151A006EE097 /* ChangePassword.swift in Sources */,
				495924F9265C535B00E083AC /* QuitButton.swift in Sources */,
				49152913259CD19900056B5F /* ProgressBarItem.swift in Sources */,
				493DCCB82B08304A00FA2480 /* RemoteApplicationProtocol.swift in Sources */,
				490CE0A8294FC144005BC01D /* SoftwareUpdateModel.swift in Sources */,
				0A4A7388260208B500927DAB /* UptimeSubview.swift in Sources */,
				49BF03FC2BC0BE3A00AB7152 /* FileUtilities.swift in Sources */,
				49822CE324B4C3F100E8DE54 /* AppDelegate.swift in Sources */,
				4934C79A2B99317000268CE2 /* SoftwareUpdateDeclarationModel.swift in Sources */,
				0A4A73852602075F00927DAB /* StorageSubview.swift in Sources */,
				49857E9824D4B543009B6FBA /* Preferences.swift in Sources */,
				493DCCB62B08300F00FA2480 /* PrivilegedHelperError.swift in Sources */,
				0A24AB442624CABB004208C4 /* NotificationBadgeTextView.swift in Sources */,
				4915291C259CD38800056B5F /* EffectsView.swift in Sources */,
				0A446D572683A40600667602 /* WelcomeScreenView.swift in Sources */,
				495F74EC28B39A9A00C20304 /* PopoverAlertView.swift in Sources */,
			);
			runOnlyForDeploymentPostprocessing = 0;
		};
/* End PBXSourcesBuildPhase section */

/* Begin PBXTargetDependency section */
		493DCC982B082B9200FA2480 /* PBXTargetDependency */ = {
			isa = PBXTargetDependency;
			target = 493DCC8E2B08292900FA2480 /* nl.root3.support.helper */;
			targetProxy = 493DCC972B082B9200FA2480 /* PBXContainerItemProxy */;
		};
		4947C1592B154A2F00276EFD /* PBXTargetDependency */ = {
			isa = PBXTargetDependency;
			target = 4947C14D2B154A2F00276EFD /* SupportXPC */;
			targetProxy = 4947C1582B154A2F00276EFD /* PBXContainerItemProxy */;
		};
/* End PBXTargetDependency section */

/* Begin PBXVariantGroup section */
		0AFE0A8525014C6100957B52 /* Localizable.strings */ = {
			isa = PBXVariantGroup;
			children = (
				0AFE0A8425014C6100957B52 /* en */,
				0AFE0A8625014C8300957B52 /* nl */,
				49B163AC26FCB154006D57C7 /* fr */,
				A0532BCB2733F35A005CACF2 /* de */,
				495B6E6E2A2E3E4E006B575D /* es */,
			);
			name = Localizable.strings;
			sourceTree = "<group>";
		};
		49822CEB24B4C3F200E8DE54 /* Main.storyboard */ = {
			isa = PBXVariantGroup;
			children = (
				49822CEC24B4C3F200E8DE54 /* Base */,
			);
			name = Main.storyboard;
			sourceTree = "<group>";
		};
/* End PBXVariantGroup section */

/* Begin XCBuildConfiguration section */
		493DCC932B08292900FA2480 /* Debug */ = {
			isa = XCBuildConfiguration;
			buildSettings = {
				ASSETCATALOG_COMPILER_GENERATE_SWIFT_ASSET_SYMBOL_EXTENSIONS = YES;
				CLANG_CXX_LANGUAGE_STANDARD = "gnu++20";
				CLANG_ENABLE_MODULES = YES;
				CODE_SIGN_IDENTITY = "Apple Development";
				"CODE_SIGN_IDENTITY[sdk=macosx*]" = "Developer ID Application";
				CODE_SIGN_STYLE = Manual;
				CREATE_INFOPLIST_SECTION_IN_BINARY = YES;
				CURRENT_PROJECT_VERSION = 39;
				DEAD_CODE_STRIPPING = YES;
				DEVELOPMENT_TEAM = "";
				"DEVELOPMENT_TEAM[sdk=macosx*]" = 98LJ4XBGYK;
				ENABLE_HARDENED_RUNTIME = YES;
				ENABLE_USER_SCRIPT_SANDBOXING = YES;
				GCC_C_LANGUAGE_STANDARD = gnu17;
				INFOPLIST_FILE = SupportHelper/Info.plist;
				LOCALIZATION_PREFERS_STRING_CATALOGS = YES;
				MACOSX_DEPLOYMENT_TARGET = 12.0;
				MARKETING_VERSION = 2.0;
				OTHER_LDFLAGS = (
					"-sectcreate",
					__TEXT,
					__launchd_plist,
					SupportHelper/launchd.plist,
				);
				PRODUCT_BUNDLE_IDENTIFIER = nl.root3.support.helper;
				PRODUCT_NAME = "$(TARGET_NAME)";
				PROVISIONING_PROFILE_SPECIFIER = "";
				SKIP_INSTALL = YES;
				SWIFT_ACTIVE_COMPILATION_CONDITIONS = "DEBUG $(inherited)";
				SWIFT_OBJC_BRIDGING_HEADER = "SupportHelper/nl.root3.support.helper-Bridging-Header.h";
				SWIFT_OPTIMIZATION_LEVEL = "-Onone";
				SWIFT_VERSION = 5.0;
				VERSIONING_SYSTEM = "apple-generic";
			};
			name = Debug;
		};
		493DCC942B08292900FA2480 /* Release */ = {
			isa = XCBuildConfiguration;
			buildSettings = {
				ASSETCATALOG_COMPILER_GENERATE_SWIFT_ASSET_SYMBOL_EXTENSIONS = YES;
				CLANG_CXX_LANGUAGE_STANDARD = "gnu++20";
				CLANG_ENABLE_MODULES = YES;
				CODE_SIGN_IDENTITY = "Apple Development";
				"CODE_SIGN_IDENTITY[sdk=macosx*]" = "Developer ID Application";
				CODE_SIGN_STYLE = Manual;
				CREATE_INFOPLIST_SECTION_IN_BINARY = YES;
				CURRENT_PROJECT_VERSION = 39;
				DEAD_CODE_STRIPPING = YES;
				DEVELOPMENT_TEAM = "";
				"DEVELOPMENT_TEAM[sdk=macosx*]" = 98LJ4XBGYK;
				ENABLE_HARDENED_RUNTIME = YES;
				ENABLE_USER_SCRIPT_SANDBOXING = YES;
				GCC_C_LANGUAGE_STANDARD = gnu17;
				INFOPLIST_FILE = SupportHelper/Info.plist;
				LOCALIZATION_PREFERS_STRING_CATALOGS = YES;
				MACOSX_DEPLOYMENT_TARGET = 12.0;
				MARKETING_VERSION = 2.0;
				OTHER_LDFLAGS = (
					"-sectcreate",
					__TEXT,
					__launchd_plist,
					SupportHelper/launchd.plist,
				);
				PRODUCT_BUNDLE_IDENTIFIER = nl.root3.support.helper;
				PRODUCT_NAME = "$(TARGET_NAME)";
				PROVISIONING_PROFILE_SPECIFIER = "";
				SKIP_INSTALL = YES;
				SWIFT_OBJC_BRIDGING_HEADER = "SupportHelper/nl.root3.support.helper-Bridging-Header.h";
				SWIFT_VERSION = 5.0;
				VERSIONING_SYSTEM = "apple-generic";
			};
			name = Release;
		};
		4947C15B2B154A2F00276EFD /* Debug */ = {
			isa = XCBuildConfiguration;
			buildSettings = {
				ASSETCATALOG_COMPILER_GENERATE_SWIFT_ASSET_SYMBOL_EXTENSIONS = YES;
				CLANG_CXX_LANGUAGE_STANDARD = "gnu++20";
				CODE_SIGN_ENTITLEMENTS = SupportXPC/SupportXPC.entitlements;
				CODE_SIGN_IDENTITY = "Apple Development";
				"CODE_SIGN_IDENTITY[sdk=macosx*]" = "Developer ID Application";
				CODE_SIGN_STYLE = Manual;
				COMBINE_HIDPI_IMAGES = YES;
				CURRENT_PROJECT_VERSION = 39;
				DEVELOPMENT_TEAM = "";
				"DEVELOPMENT_TEAM[sdk=macosx*]" = 98LJ4XBGYK;
				ENABLE_HARDENED_RUNTIME = YES;
				ENABLE_USER_SCRIPT_SANDBOXING = YES;
				GCC_C_LANGUAGE_STANDARD = gnu17;
				INFOPLIST_FILE = SupportXPC/Info.plist;
				INFOPLIST_KEY_CFBundleDisplayName = SupportXPC;
				INFOPLIST_KEY_NSHumanReadableCopyright = "© 2023 Root3 B.V. All rights reserved.";
				LOCALIZATION_PREFERS_STRING_CATALOGS = YES;
				MACOSX_DEPLOYMENT_TARGET = 12.0;
				MARKETING_VERSION = 1.0;
				PRODUCT_BUNDLE_IDENTIFIER = nl.root3.support.xpc;
				PRODUCT_NAME = "$(TARGET_NAME)";
				PROVISIONING_PROFILE_SPECIFIER = "";
				SKIP_INSTALL = YES;
				SWIFT_ACTIVE_COMPILATION_CONDITIONS = "DEBUG $(inherited)";
				SWIFT_EMIT_LOC_STRINGS = YES;
				SWIFT_VERSION = 5.0;
				VERSIONING_SYSTEM = "apple-generic";
			};
			name = Debug;
		};
		4947C15C2B154A2F00276EFD /* Release */ = {
			isa = XCBuildConfiguration;
			buildSettings = {
				ASSETCATALOG_COMPILER_GENERATE_SWIFT_ASSET_SYMBOL_EXTENSIONS = YES;
				CLANG_CXX_LANGUAGE_STANDARD = "gnu++20";
				CODE_SIGN_ENTITLEMENTS = SupportXPC/SupportXPC.entitlements;
				CODE_SIGN_IDENTITY = "Apple Development";
				"CODE_SIGN_IDENTITY[sdk=macosx*]" = "Developer ID Application";
				CODE_SIGN_STYLE = Manual;
				COMBINE_HIDPI_IMAGES = YES;
				CURRENT_PROJECT_VERSION = 39;
				DEVELOPMENT_TEAM = "";
				"DEVELOPMENT_TEAM[sdk=macosx*]" = 98LJ4XBGYK;
				ENABLE_HARDENED_RUNTIME = YES;
				ENABLE_USER_SCRIPT_SANDBOXING = YES;
				GCC_C_LANGUAGE_STANDARD = gnu17;
				INFOPLIST_FILE = SupportXPC/Info.plist;
				INFOPLIST_KEY_CFBundleDisplayName = SupportXPC;
				INFOPLIST_KEY_NSHumanReadableCopyright = "© 2023 Root3 B.V. All rights reserved.";
				LOCALIZATION_PREFERS_STRING_CATALOGS = YES;
				MACOSX_DEPLOYMENT_TARGET = 12.0;
				MARKETING_VERSION = 1.0;
				PRODUCT_BUNDLE_IDENTIFIER = nl.root3.support.xpc;
				PRODUCT_NAME = "$(TARGET_NAME)";
				PROVISIONING_PROFILE_SPECIFIER = "";
				SKIP_INSTALL = YES;
				SWIFT_EMIT_LOC_STRINGS = YES;
				SWIFT_VERSION = 5.0;
				VERSIONING_SYSTEM = "apple-generic";
			};
			name = Release;
		};
		49822CF024B4C3F200E8DE54 /* Debug */ = {
			isa = XCBuildConfiguration;
			buildSettings = {
				ALWAYS_SEARCH_USER_PATHS = NO;
				CLANG_ANALYZER_LOCALIZABILITY_NONLOCALIZED = YES;
				CLANG_ANALYZER_NONNULL = YES;
				CLANG_ANALYZER_NUMBER_OBJECT_CONVERSION = YES_AGGRESSIVE;
				CLANG_CXX_LANGUAGE_STANDARD = "gnu++14";
				CLANG_CXX_LIBRARY = "libc++";
				CLANG_ENABLE_MODULES = YES;
				CLANG_ENABLE_OBJC_ARC = YES;
				CLANG_ENABLE_OBJC_WEAK = YES;
				CLANG_WARN_BLOCK_CAPTURE_AUTORELEASING = YES;
				CLANG_WARN_BOOL_CONVERSION = YES;
				CLANG_WARN_COMMA = YES;
				CLANG_WARN_CONSTANT_CONVERSION = YES;
				CLANG_WARN_DEPRECATED_OBJC_IMPLEMENTATIONS = YES;
				CLANG_WARN_DIRECT_OBJC_ISA_USAGE = YES_ERROR;
				CLANG_WARN_DOCUMENTATION_COMMENTS = YES;
				CLANG_WARN_EMPTY_BODY = YES;
				CLANG_WARN_ENUM_CONVERSION = YES;
				CLANG_WARN_INFINITE_RECURSION = YES;
				CLANG_WARN_INT_CONVERSION = YES;
				CLANG_WARN_NON_LITERAL_NULL_CONVERSION = YES;
				CLANG_WARN_OBJC_IMPLICIT_RETAIN_SELF = YES;
				CLANG_WARN_OBJC_LITERAL_CONVERSION = YES;
				CLANG_WARN_OBJC_ROOT_CLASS = YES_ERROR;
				CLANG_WARN_QUOTED_INCLUDE_IN_FRAMEWORK_HEADER = YES;
				CLANG_WARN_RANGE_LOOP_ANALYSIS = YES;
				CLANG_WARN_STRICT_PROTOTYPES = YES;
				CLANG_WARN_SUSPICIOUS_MOVE = YES;
				CLANG_WARN_UNGUARDED_AVAILABILITY = YES_AGGRESSIVE;
				CLANG_WARN_UNREACHABLE_CODE = YES;
				CLANG_WARN__DUPLICATE_METHOD_MATCH = YES;
				COPY_PHASE_STRIP = NO;
				DEBUG_INFORMATION_FORMAT = dwarf;
				ENABLE_STRICT_OBJC_MSGSEND = YES;
				ENABLE_TESTABILITY = YES;
				GCC_C_LANGUAGE_STANDARD = gnu11;
				GCC_DYNAMIC_NO_PIC = NO;
				GCC_NO_COMMON_BLOCKS = YES;
				GCC_OPTIMIZATION_LEVEL = 0;
				GCC_PREPROCESSOR_DEFINITIONS = (
					"DEBUG=1",
					"$(inherited)",
				);
				GCC_WARN_64_TO_32_BIT_CONVERSION = YES;
				GCC_WARN_ABOUT_RETURN_TYPE = YES_ERROR;
				GCC_WARN_UNDECLARED_SELECTOR = YES;
				GCC_WARN_UNINITIALIZED_AUTOS = YES_AGGRESSIVE;
				GCC_WARN_UNUSED_FUNCTION = YES;
				GCC_WARN_UNUSED_VARIABLE = YES;
				MACOSX_DEPLOYMENT_TARGET = 11.0;
				MTL_ENABLE_DEBUG_INFO = INCLUDE_SOURCE;
				MTL_FAST_MATH = YES;
				ONLY_ACTIVE_ARCH = YES;
				SDKROOT = macosx;
				SWIFT_ACTIVE_COMPILATION_CONDITIONS = DEBUG;
				SWIFT_OPTIMIZATION_LEVEL = "-Onone";
			};
			name = Debug;
		};
		49822CF124B4C3F200E8DE54 /* Release */ = {
			isa = XCBuildConfiguration;
			buildSettings = {
				ALWAYS_SEARCH_USER_PATHS = NO;
				CLANG_ANALYZER_LOCALIZABILITY_NONLOCALIZED = YES;
				CLANG_ANALYZER_NONNULL = YES;
				CLANG_ANALYZER_NUMBER_OBJECT_CONVERSION = YES_AGGRESSIVE;
				CLANG_CXX_LANGUAGE_STANDARD = "gnu++14";
				CLANG_CXX_LIBRARY = "libc++";
				CLANG_ENABLE_MODULES = YES;
				CLANG_ENABLE_OBJC_ARC = YES;
				CLANG_ENABLE_OBJC_WEAK = YES;
				CLANG_WARN_BLOCK_CAPTURE_AUTORELEASING = YES;
				CLANG_WARN_BOOL_CONVERSION = YES;
				CLANG_WARN_COMMA = YES;
				CLANG_WARN_CONSTANT_CONVERSION = YES;
				CLANG_WARN_DEPRECATED_OBJC_IMPLEMENTATIONS = YES;
				CLANG_WARN_DIRECT_OBJC_ISA_USAGE = YES_ERROR;
				CLANG_WARN_DOCUMENTATION_COMMENTS = YES;
				CLANG_WARN_EMPTY_BODY = YES;
				CLANG_WARN_ENUM_CONVERSION = YES;
				CLANG_WARN_INFINITE_RECURSION = YES;
				CLANG_WARN_INT_CONVERSION = YES;
				CLANG_WARN_NON_LITERAL_NULL_CONVERSION = YES;
				CLANG_WARN_OBJC_IMPLICIT_RETAIN_SELF = YES;
				CLANG_WARN_OBJC_LITERAL_CONVERSION = YES;
				CLANG_WARN_OBJC_ROOT_CLASS = YES_ERROR;
				CLANG_WARN_QUOTED_INCLUDE_IN_FRAMEWORK_HEADER = YES;
				CLANG_WARN_RANGE_LOOP_ANALYSIS = YES;
				CLANG_WARN_STRICT_PROTOTYPES = YES;
				CLANG_WARN_SUSPICIOUS_MOVE = YES;
				CLANG_WARN_UNGUARDED_AVAILABILITY = YES_AGGRESSIVE;
				CLANG_WARN_UNREACHABLE_CODE = YES;
				CLANG_WARN__DUPLICATE_METHOD_MATCH = YES;
				COPY_PHASE_STRIP = NO;
				DEBUG_INFORMATION_FORMAT = "dwarf-with-dsym";
				ENABLE_NS_ASSERTIONS = NO;
				ENABLE_STRICT_OBJC_MSGSEND = YES;
				GCC_C_LANGUAGE_STANDARD = gnu11;
				GCC_NO_COMMON_BLOCKS = YES;
				GCC_WARN_64_TO_32_BIT_CONVERSION = YES;
				GCC_WARN_ABOUT_RETURN_TYPE = YES_ERROR;
				GCC_WARN_UNDECLARED_SELECTOR = YES;
				GCC_WARN_UNINITIALIZED_AUTOS = YES_AGGRESSIVE;
				GCC_WARN_UNUSED_FUNCTION = YES;
				GCC_WARN_UNUSED_VARIABLE = YES;
				MACOSX_DEPLOYMENT_TARGET = 11.0;
				MTL_ENABLE_DEBUG_INFO = NO;
				MTL_FAST_MATH = YES;
				SDKROOT = macosx;
				SWIFT_COMPILATION_MODE = wholemodule;
				SWIFT_OPTIMIZATION_LEVEL = "-O";
			};
			name = Release;
		};
		49822CF324B4C3F200E8DE54 /* Debug */ = {
			isa = XCBuildConfiguration;
			buildSettings = {
				ALWAYS_EMBED_SWIFT_STANDARD_LIBRARIES = YES;
				ASSETCATALOG_COMPILER_APPICON_NAME = AppIcon;
				ASSETCATALOG_COMPILER_GLOBAL_ACCENT_COLOR_NAME = "";
				ASSETCATALOG_COMPILER_INCLUDE_ALL_APPICON_ASSETS = NO;
				CODE_SIGN_ENTITLEMENTS = Support/Support.entitlements;
				CODE_SIGN_IDENTITY = "Apple Development";
				"CODE_SIGN_IDENTITY[sdk=macosx*]" = "Developer ID Application";
				CODE_SIGN_STYLE = Manual;
				COMBINE_HIDPI_IMAGES = YES;
				CURRENT_PROJECT_VERSION = 39;
				DEVELOPMENT_ASSET_PATHS = "\"Support/Preview Content\"";
				DEVELOPMENT_TEAM = "";
				"DEVELOPMENT_TEAM[sdk=macosx*]" = 98LJ4XBGYK;
				ENABLE_HARDENED_RUNTIME = YES;
				ENABLE_PREVIEWS = YES;
				INFOPLIST_FILE = Support/Info.plist;
				LD_RUNPATH_SEARCH_PATHS = (
					"$(inherited)",
					"@executable_path/../Frameworks",
				);
				MACOSX_DEPLOYMENT_TARGET = 12.0;
				MARKETING_VERSION = 2.6;
				PRODUCT_BUNDLE_IDENTIFIER = nl.root3.support;
				PRODUCT_NAME = "$(TARGET_NAME)";
				PROVISIONING_PROFILE_SPECIFIER = "";
				"PROVISIONING_PROFILE_SPECIFIER[sdk=macosx*]" = "";
				SWIFT_VERSION = 5.0;
				VERSIONING_SYSTEM = "apple-generic";
			};
			name = Debug;
		};
		49822CF424B4C3F200E8DE54 /* Release */ = {
			isa = XCBuildConfiguration;
			buildSettings = {
				ALWAYS_EMBED_SWIFT_STANDARD_LIBRARIES = YES;
				ASSETCATALOG_COMPILER_APPICON_NAME = AppIcon;
				ASSETCATALOG_COMPILER_GLOBAL_ACCENT_COLOR_NAME = "";
				ASSETCATALOG_COMPILER_INCLUDE_ALL_APPICON_ASSETS = NO;
				CODE_SIGN_ENTITLEMENTS = Support/Support.entitlements;
				CODE_SIGN_IDENTITY = "Apple Development";
				"CODE_SIGN_IDENTITY[sdk=macosx*]" = "Developer ID Application";
				CODE_SIGN_STYLE = Manual;
				COMBINE_HIDPI_IMAGES = YES;
				CURRENT_PROJECT_VERSION = 39;
				DEVELOPMENT_ASSET_PATHS = "\"Support/Preview Content\"";
				DEVELOPMENT_TEAM = "";
				"DEVELOPMENT_TEAM[sdk=macosx*]" = 98LJ4XBGYK;
				ENABLE_HARDENED_RUNTIME = YES;
				ENABLE_PREVIEWS = YES;
				INFOPLIST_FILE = Support/Info.plist;
				LD_RUNPATH_SEARCH_PATHS = (
					"$(inherited)",
					"@executable_path/../Frameworks",
				);
				MACOSX_DEPLOYMENT_TARGET = 12.0;
				MARKETING_VERSION = 2.6;
				PRODUCT_BUNDLE_IDENTIFIER = nl.root3.support;
				PRODUCT_NAME = "$(TARGET_NAME)";
				PROVISIONING_PROFILE_SPECIFIER = "";
				"PROVISIONING_PROFILE_SPECIFIER[sdk=macosx*]" = "";
				SWIFT_VERSION = 5.0;
				VERSIONING_SYSTEM = "apple-generic";
			};
			name = Release;
		};
/* End XCBuildConfiguration section */

/* Begin XCConfigurationList section */
		493DCC952B08292900FA2480 /* Build configuration list for PBXNativeTarget "nl.root3.support.helper" */ = {
			isa = XCConfigurationList;
			buildConfigurations = (
				493DCC932B08292900FA2480 /* Debug */,
				493DCC942B08292900FA2480 /* Release */,
			);
			defaultConfigurationIsVisible = 0;
			defaultConfigurationName = Release;
		};
		4947C15D2B154A2F00276EFD /* Build configuration list for PBXNativeTarget "SupportXPC" */ = {
			isa = XCConfigurationList;
			buildConfigurations = (
				4947C15B2B154A2F00276EFD /* Debug */,
				4947C15C2B154A2F00276EFD /* Release */,
			);
			defaultConfigurationIsVisible = 0;
			defaultConfigurationName = Release;
		};
		49822CDA24B4C3F100E8DE54 /* Build configuration list for PBXProject "Support" */ = {
			isa = XCConfigurationList;
			buildConfigurations = (
				49822CF024B4C3F200E8DE54 /* Debug */,
				49822CF124B4C3F200E8DE54 /* Release */,
			);
			defaultConfigurationIsVisible = 0;
			defaultConfigurationName = Release;
		};
		49822CF224B4C3F200E8DE54 /* Build configuration list for PBXNativeTarget "Support" */ = {
			isa = XCConfigurationList;
			buildConfigurations = (
				49822CF324B4C3F200E8DE54 /* Debug */,
				49822CF424B4C3F200E8DE54 /* Release */,
			);
			defaultConfigurationIsVisible = 0;
			defaultConfigurationName = Release;
		};
/* End XCConfigurationList section */
	};
	rootObject = 49822CD724B4C3F100E8DE54 /* Project object */;
}
